
Microsoft Visual Studio Solution File, Format Version 12.00
# Visual Studio Version 17
VisualStudioVersion = 17.7.34031.279
MinimumVisualStudioVersion = 10.0.40219.1
Project("{FAE04EC0-301F-11D3-BF4B-00C04F79EFBC}") = "ProyectoWeb", "ProyectoWeb\ProyectoWeb.csproj", "{3C37636C-7736-4F34-9B8F-9EE349F9DEDD}"
EndProject
Global
	GlobalSection(SolutionConfigurationPlatforms) = preSolution
		Debug|Any CPU = Debug|Any CPU
		Release|Any CPU = Release|Any CPU
	EndGlobalSection
	GlobalSection(ProjectConfigurationPlatforms) = postSolution
		{3C37636C-7736-4F34-9B8F-9EE349F9DEDD}.Debug|Any CPU.ActiveCfg = Debug|Any CPU
		{3C37636C-7736-4F34-9B8F-9EE349F9DEDD}.Debug|Any CPU.Build.0 = Debug|Any CPU
		{3C37636C-7736-4F34-9B8F-9EE349F9DEDD}.Release|Any CPU.ActiveCfg = Release|Any CPU
		{3C37636C-7736-4F34-9B8F-9EE349F9DEDD}.Release|Any CPU.Build.0 = Release|Any CPU
	EndGlobalSection
	GlobalSection(SolutionProperties) = preSolution
		HideSolutionNode = FALSE
	EndGlobalSection
	GlobalSection(ExtensibilityGlobals) = postSolution
		SolutionGuid = {A4E78C69-5EA3-4614-83CA-5A089E728283}
	EndGlobalSection
EndGlobal
